// !$*UTF8*$!
{
	archiveVersion = 1;
	classes = {
	};
	objectVersion = 77;
	objects = {

/* Begin PBXContainerItemProxy section */
		8D23E4AF2E5B23F000A3110A /* PBXContainerItemProxy */ = {
			isa = PBXContainerItemProxy;
			containerPortal = 8D23E4992E5B23EF00A3110A /* Project object */;
			proxyType = 1;
			remoteGlobalIDString = 8D23E4A02E5B23EF00A3110A;
			remoteInfo = "40005-AssessmentTask2";
		};
		8D23E4B92E5B23F000A3110A /* PBXContainerItemProxy */ = {
			isa = PBXContainerItemProxy;
			containerPortal = 8D23E4992E5B23EF00A3110A /* Project object */;
			proxyType = 1;
			remoteGlobalIDString = 8D23E4A02E5B23EF00A3110A;
			remoteInfo = "40005-AssessmentTask2";
		};
/* End PBXContainerItemProxy section */

/* Begin PBXFileReference section */
		8D23E4A12E5B23EF00A3110A /* 40005-AssessmentTask2.app */ = {isa = PBXFileReference; explicitFileType = wrapper.application; includeInIndex = 0; path = "40005-AssessmentTask2.app"; sourceTree = BUILT_PRODUCTS_DIR; };
		8D23E4AE2E5B23F000A3110A /* 40005-AssessmentTask2Tests.xctest */ = {isa = PBXFileReference; explicitFileType = wrapper.cfbundle; includeInIndex = 0; path = "40005-AssessmentTask2Tests.xctest"; sourceTree = BUILT_PRODUCTS_DIR; };
		8D23E4B82E5B23F000A3110A /* 40005-AssessmentTask2UITests.xctest */ = {isa = PBXFileReference; explicitFileType = wrapper.cfbundle; includeInIndex = 0; path = "40005-AssessmentTask2UITests.xctest"; sourceTree = BUILT_PRODUCTS_DIR; };
/* End PBXFileReference section */

/* Begin PBXFileSystemSynchronizedRootGroup section */
		8D23E4A32E5B23EF00A3110A /* 40005-AssessmentTask2 */ = {
			isa = PBXFileSystemSynchronizedRootGroup;
			path = "40005-AssessmentTask2";
			sourceTree = "<group>";
		};
		8D23E4B12E5B23F000A3110A /* 40005-AssessmentTask2Tests */ = {
			isa = PBXFileSystemSynchronizedRootGroup;
			path = "40005-AssessmentTask2Tests";
			sourceTree = "<group>";
		};
		8D23E4BB2E5B23F000A3110A /* 40005-AssessmentTask2UITests */ = {
			isa = PBXFileSystemSynchronizedRootGroup;
			path = "40005-AssessmentTask2UITests";
			sourceTree = "<group>";
		};
/* End PBXFileSystemSynchronizedRootGroup section */

/* Begin PBXFrameworksBuildPhase section */
		8D23E49E2E5B23EF00A3110A /* Frameworks */ = {
			isa = PBXFrameworksBuildPhase;
			buildActionMask = 2147483647;
			files = (
			);
			runOnlyForDeploymentPostprocessing = 0;
		};
		8D23E4AB2E5B23F000A3110A /* Frameworks */ = {
			isa = PBXFrameworksBuildPhase;
			buildActionMask = 2147483647;
			files = (
			);
			runOnlyForDeploymentPostprocessing = 0;
		};
		8D23E4B52E5B23F000A3110A /* Frameworks */ = {
			isa = PBXFrameworksBuildPhase;
			buildActionMask = 2147483647;
			files = (
			);
			runOnlyForDeploymentPostprocessing = 0;
		};
/* End PBXFrameworksBuildPhase section */

/* Begin PBXGroup section */
		8D23E4982E5B23EF00A3110A = {
			isa = PBXGroup;
			children = (
				8D23E4A32E5B23EF00A3110A /* 40005-AssessmentTask2 */,
				8D23E4B12E5B23F000A3110A /* 40005-AssessmentTask2Tests */,
				8D23E4BB2E5B23F000A3110A /* 40005-AssessmentTask2UITests */,
				8D23E4A22E5B23EF00A3110A /* Products */,
			);
			sourceTree = "<group>";
		};
		8D23E4A22E5B23EF00A3110A /* Products */ = {
			isa = PBXGroup;
			children = (
				8D23E4A12E5B23EF00A3110A /* 40005-AssessmentTask2.app */,
				8D23E4AE2E5B23F000A3110A /* 40005-AssessmentTask2Tests.xctest */,
				8D23E4B82E5B23F000A3110A /* 40005-AssessmentTask2UITests.xctest */,
			);
			name = Products;
			sourceTree = "<group>";
		};
/* End PBXGroup section */

/* Begin PBXNativeTarget section */
		8D23E4A02E5B23EF00A3110A /* 40005-AssessmentTask2 */ = {
			isa = PBXNativeTarget;
			buildConfigurationList = 8D23E4C22E5B23F000A3110A /* Build configuration list for PBXNativeTarget "40005-AssessmentTask2" */;
			buildPhases = (
				8D23E49D2E5B23EF00A3110A /* Sources */,
				8D23E49E2E5B23EF00A3110A /* Frameworks */,
				8D23E49F2E5B23EF00A3110A /* Resources */,
			);
			buildRules = (
			);
			dependencies = (
			);
			fileSystemSynchronizedGroups = (
				8D23E4A32E5B23EF00A3110A /* 40005-AssessmentTask2 */,
			);
			name = "40005-AssessmentTask2";
			packageProductDependencies = (
			);
			productName = "40005-AssessmentTask2";
			productReference = 8D23E4A12E5B23EF00A3110A /* 40005-AssessmentTask2.app */;
			productType = "com.apple.product-type.application";
		};
		8D23E4AD2E5B23F000A3110A /* 40005-AssessmentTask2Tests */ = {
			isa = PBXNativeTarget;
			buildConfigurationList = 8D23E4C52E5B23F000A3110A /* Build configuration list for PBXNativeTarget "40005-AssessmentTask2Tests" */;
			buildPhases = (
				8D23E4AA2E5B23F000A3110A /* Sources */,
				8D23E4AB2E5B23F000A3110A /* Frameworks */,
				8D23E4AC2E5B23F000A3110A /* Resources */,
			);
			buildRules = (
			);
			dependencies = (
				8D23E4B02E5B23F000A3110A /* PBXTargetDependency */,
			);
			fileSystemSynchronizedGroups = (
				8D23E4B12E5B23F000A3110A /* 40005-AssessmentTask2Tests */,
			);
			name = "40005-AssessmentTask2Tests";
			packageProductDependencies = (
			);
			productName = "40005-AssessmentTask2Tests";
			productReference = 8D23E4AE2E5B23F000A3110A /* 40005-AssessmentTask2Tests.xctest */;
			productType = "com.apple.product-type.bundle.unit-test";
		};
		8D23E4B72E5B23F000A3110A /* 40005-AssessmentTask2UITests */ = {
			isa = PBXNativeTarget;
			buildConfigurationList = 8D23E4C82E5B23F000A3110A /* Build configuration list for PBXNativeTarget "40005-AssessmentTask2UITests" */;
			buildPhases = (
				8D23E4B42E5B23F000A3110A /* Sources */,
				8D23E4B52E5B23F000A3110A /* Frameworks */,
				8D23E4B62E5B23F000A3110A /* Resources */,
			);
			buildRules = (
			);
			dependencies = (
				8D23E4BA2E5B23F000A3110A /* PBXTargetDependency */,
			);
			fileSystemSynchronizedGroups = (
				8D23E4BB2E5B23F000A3110A /* 40005-AssessmentTask2UITests */,
			);
			name = "40005-AssessmentTask2UITests";
			packageProductDependencies = (
			);
			productName = "40005-AssessmentTask2UITests";
			productReference = 8D23E4B82E5B23F000A3110A /* 40005-AssessmentTask2UITests.xctest */;
			productType = "com.apple.product-type.bundle.ui-testing";
		};
/* End PBXNativeTarget section */

/* Begin PBXProject section */
		8D23E4992E5B23EF00A3110A /* Project object */ = {
			isa = PBXProject;
			attributes = {
				BuildIndependentTargetsInParallel = 1;
				LastSwiftUpdateCheck = 1640;
				LastUpgradeCheck = 1640;
				TargetAttributes = {
					8D23E4A02E5B23EF00A3110A = {
						CreatedOnToolsVersion = 16.4;
					};
					8D23E4AD2E5B23F000A3110A = {
						CreatedOnToolsVersion = 16.4;
						TestTargetID = 8D23E4A02E5B23EF00A3110A;
					};
					8D23E4B72E5B23F000A3110A = {
						CreatedOnToolsVersion = 16.4;
						TestTargetID = 8D23E4A02E5B23EF00A3110A;
					};
				};
			};
			buildConfigurationList = 8D23E49C2E5B23EF00A3110A /* Build configuration list for PBXProject "40005-AssessmentTask2" */;
			developmentRegion = en;
			hasScannedForEncodings = 0;
			knownRegions = (
				en,
				Base,
			);
			mainGroup = 8D23E4982E5B23EF00A3110A;
			minimizedProjectReferenceProxies = 1;
			preferredProjectObjectVersion = 77;
			productRefGroup = 8D23E4A22E5B23EF00A3110A /* Products */;
			projectDirPath = "";
			projectRoot = "";
			targets = (
				8D23E4A02E5B23EF00A3110A /* 40005-AssessmentTask2 */,
				8D23E4AD2E5B23F000A3110A /* 40005-AssessmentTask2Tests */,
				8D23E4B72E5B23F000A3110A /* 40005-AssessmentTask2UITests */,
			);
		};
/* End PBXProject section */

/* Begin PBXResourcesBuildPhase section */
		8D23E49F2E5B23EF00A3110A /* Resources */ = {
			isa = PBXResourcesBuildPhase;
			buildActionMask = 2147483647;
			files = (
			);
			runOnlyForDeploymentPostprocessing = 0;
		};
		8D23E4AC2E5B23F000A3110A /* Resources */ = {
			isa = PBXResourcesBuildPhase;
			buildActionMask = 2147483647;
			files = (
			);
			runOnlyForDeploymentPostprocessing = 0;
		};
		8D23E4B62E5B23F000A3110A /* Resources */ = {
			isa = PBXResourcesBuildPhase;
			buildActionMask = 2147483647;
			files = (
			);
			runOnlyForDeploymentPostprocessing = 0;
		};
/* End PBXResourcesBuildPhase section */

/* Begin PBXSourcesBuildPhase section */
		8D23E49D2E5B23EF00A3110A /* Sources */ = {
			isa = PBXSourcesBuildPhase;
			buildActionMask = 2147483647;
			files = (
			);
			runOnlyForDeploymentPostprocessing = 0;
		};
		8D23E4AA2E5B23F000A3110A /* Sources */ = {
			isa = PBXSourcesBuildPhase;
			buildActionMask = 2147483647;
			files = (
			);
			runOnlyForDeploymentPostprocessing = 0;
		};
		8D23E4B42E5B23F000A3110A /* Sources */ = {
			isa = PBXSourcesBuildPhase;
			buildActionMask = 2147483647;
			files = (
			);
			runOnlyForDeploymentPostprocessing = 0;
		};
/* End PBXSourcesBuildPhase section */

/* Begin PBXTargetDependency section */
		8D23E4B02E5B23F000A3110A /* PBXTargetDependency */ = {
			isa = PBXTargetDependency;
			target = 8D23E4A02E5B23EF00A3110A /* 40005-AssessmentTask2 */;
			targetProxy = 8D23E4AF2E5B23F000A3110A /* PBXContainerItemProxy */;
		};
		8D23E4BA2E5B23F000A3110A /* PBXTargetDependency */ = {
			isa = PBXTargetDependency;
			target = 8D23E4A02E5B23EF00A3110A /* 40005-AssessmentTask2 */;
			targetProxy = 8D23E4B92E5B23F000A3110A /* PBXContainerItemProxy */;
		};
/* End PBXTargetDependency section */

/* Begin XCBuildConfiguration section */
		8D23E4C02E5B23F000A3110A /* Debug */ = {
			isa = XCBuildConfiguration;
			buildSettings = {
				ALWAYS_SEARCH_USER_PATHS = NO;
				ASSETCATALOG_COMPILER_GENERATE_SWIFT_ASSET_SYMBOL_EXTENSIONS = YES;
				CLANG_ANALYZER_NONNULL = YES;
				CLANG_ANALYZER_NUMBER_OBJECT_CONVERSION = YES_AGGRESSIVE;
				CLANG_CXX_LANGUAGE_STANDARD = "gnu++20";
				CLANG_ENABLE_MODULES = YES;
				CLANG_ENABLE_OBJC_ARC = YES;
				CLANG_ENABLE_OBJC_WEAK = YES;
				CLANG_WARN_BLOCK_CAPTURE_AUTORELEASING = YES;
				CLANG_WARN_BOOL_CONVERSION = YES;
				CLANG_WARN_COMMA = YES;
				CLANG_WARN_CONSTANT_CONVERSION = YES;
				CLANG_WARN_DEPRECATED_OBJC_IMPLEMENTATIONS = YES;
				CLANG_WARN_DIRECT_OBJC_ISA_USAGE = YES_ERROR;
				CLANG_WARN_DOCUMENTATION_COMMENTS = YES;
				CLANG_WARN_EMPTY_BODY = YES;
				CLANG_WARN_ENUM_CONVERSION = YES;
				CLANG_WARN_INFINITE_RECURSION = YES;
				CLANG_WARN_INT_CONVERSION = YES;
				CLANG_WARN_NON_LITERAL_NULL_CONVERSION = YES;
				CLANG_WARN_OBJC_IMPLICIT_RETAIN_SELF = YES;
				CLANG_WARN_OBJC_LITERAL_CONVERSION = YES;
				CLANG_WARN_OBJC_ROOT_CLASS = YES_ERROR;
				CLANG_WARN_QUOTED_INCLUDE_IN_FRAMEWORK_HEADER = YES;
				CLANG_WARN_RANGE_LOOP_ANALYSIS = YES;
				CLANG_WARN_STRICT_PROTOTYPES = YES;
				CLANG_WARN_SUSPICIOUS_MOVE = YES;
				CLANG_WARN_UNGUARDED_AVAILABILITY = YES_AGGRESSIVE;
				CLANG_WARN_UNREACHABLE_CODE = YES;
				CLANG_WARN__DUPLICATE_METHOD_MATCH = YES;
				COPY_PHASE_STRIP = NO;
				DEBUG_INFORMATION_FORMAT = dwarf;
				ENABLE_STRICT_OBJC_MSGSEND = YES;
				ENABLE_TESTABILITY = YES;
				ENABLE_USER_SCRIPT_SANDBOXING = YES;
				GCC_C_LANGUAGE_STANDARD = gnu17;
				GCC_DYNAMIC_NO_PIC = NO;
				GCC_NO_COMMON_BLOCKS = YES;
				GCC_OPTIMIZATION_LEVEL = 0;
				GCC_PREPROCESSOR_DEFINITIONS = (
					"DEBUG=1",
					"$(inherited)",
				);
				GCC_WARN_64_TO_32_BIT_CONVERSION = YES;
				GCC_WARN_ABOUT_RETURN_TYPE = YES_ERROR;
				GCC_WARN_UNDECLARED_SELECTOR = YES;
				GCC_WARN_UNINITIALIZED_AUTOS = YES_AGGRESSIVE;
				GCC_WARN_UNUSED_FUNCTION = YES;
				GCC_WARN_UNUSED_VARIABLE = YES;
				IPHONEOS_DEPLOYMENT_TARGET = 18.5;
				LOCALIZATION_PREFERS_STRING_CATALOGS = YES;
				MTL_ENABLE_DEBUG_INFO = INCLUDE_SOURCE;
				MTL_FAST_MATH = YES;
				ONLY_ACTIVE_ARCH = YES;
				SDKROOT = iphoneos;
				SWIFT_ACTIVE_COMPILATION_CONDITIONS = "DEBUG $(inherited)";
				SWIFT_OPTIMIZATION_LEVEL = "-Onone";
			};
			name = Debug;
		};
		8D23E4C12E5B23F000A3110A /* Release */ = {
			isa = XCBuildConfiguration;
			buildSettings = {
				ALWAYS_SEARCH_USER_PATHS = NO;
				ASSETCATALOG_COMPILER_GENERATE_SWIFT_ASSET_SYMBOL_EXTENSIONS = YES;
				CLANG_ANALYZER_NONNULL = YES;
				CLANG_ANALYZER_NUMBER_OBJECT_CONVERSION = YES_AGGRESSIVE;
				CLANG_CXX_LANGUAGE_STANDARD = "gnu++20";
				CLANG_ENABLE_MODULES = YES;
				CLANG_ENABLE_OBJC_ARC = YES;
				CLANG_ENABLE_OBJC_WEAK = YES;
				CLANG_WARN_BLOCK_CAPTURE_AUTORELEASING = YES;
				CLANG_WARN_BOOL_CONVERSION = YES;
				CLANG_WARN_COMMA = YES;
				CLANG_WARN_CONSTANT_CONVERSION = YES;
				CLANG_WARN_DEPRECATED_OBJC_IMPLEMENTATIONS = YES;
				CLANG_WARN_DIRECT_OBJC_ISA_USAGE = YES_ERROR;
				CLANG_WARN_DOCUMENTATION_COMMENTS = YES;
				CLANG_WARN_EMPTY_BODY = YES;
				CLANG_WARN_ENUM_CONVERSION = YES;
				CLANG_WARN_INFINITE_RECURSION = YES;
				CLANG_WARN_INT_CONVERSION = YES;
				CLANG_WARN_NON_LITERAL_NULL_CONVERSION = YES;
				CLANG_WARN_OBJC_IMPLICIT_RETAIN_SELF = YES;
				CLANG_WARN_OBJC_LITERAL_CONVERSION = YES;
				CLANG_WARN_OBJC_ROOT_CLASS = YES_ERROR;
				CLANG_WARN_QUOTED_INCLUDE_IN_FRAMEWORK_HEADER = YES;
				CLANG_WARN_RANGE_LOOP_ANALYSIS = YES;
				CLANG_WARN_STRICT_PROTOTYPES = YES;
				CLANG_WARN_SUSPICIOUS_MOVE = YES;
				CLANG_WARN_UNGUARDED_AVAILABILITY = YES_AGGRESSIVE;
				CLANG_WARN_UNREACHABLE_CODE = YES;
				CLANG_WARN__DUPLICATE_METHOD_MATCH = YES;
				COPY_PHASE_STRIP = NO;
				DEBUG_INFORMATION_FORMAT = "dwarf-with-dsym";
				ENABLE_NS_ASSERTIONS = NO;
				ENABLE_STRICT_OBJC_MSGSEND = YES;
				ENABLE_USER_SCRIPT_SANDBOXING = YES;
				GCC_C_LANGUAGE_STANDARD = gnu17;
				GCC_NO_COMMON_BLOCKS = YES;
				GCC_WARN_64_TO_32_BIT_CONVERSION = YES;
				GCC_WARN_ABOUT_RETURN_TYPE = YES_ERROR;
				GCC_WARN_UNDECLARED_SELECTOR = YES;
				GCC_WARN_UNINITIALIZED_AUTOS = YES_AGGRESSIVE;
				GCC_WARN_UNUSED_FUNCTION = YES;
				GCC_WARN_UNUSED_VARIABLE = YES;
				IPHONEOS_DEPLOYMENT_TARGET = 18.5;
				LOCALIZATION_PREFERS_STRING_CATALOGS = YES;
				MTL_ENABLE_DEBUG_INFO = NO;
				MTL_FAST_MATH = YES;
				SDKROOT = iphoneos;
				SWIFT_COMPILATION_MODE = wholemodule;
				VALIDATE_PRODUCT = YES;
			};
			name = Release;
		};
		8D23E4C32E5B23F000A3110A /* Debug */ = {
			isa = XCBuildConfiguration;
			buildSettings = {
				ASSETCATALOG_COMPILER_APPICON_NAME = AppIcon;
				ASSETCATALOG_COMPILER_GLOBAL_ACCENT_COLOR_NAME = AccentColor;
				CODE_SIGN_STYLE = Automatic;
				CURRENT_PROJECT_VERSION = 1;
				ENABLE_PREVIEWS = YES;
				GENERATE_INFOPLIST_FILE = YES;
				INFOPLIST_KEY_UIApplicationSceneManifest_Generation = YES;
				INFOPLIST_KEY_UIApplicationSupportsIndirectInputEvents = YES;
				INFOPLIST_KEY_UILaunchScreen_Generation = YES;
				INFOPLIST_KEY_UISupportedInterfaceOrientations_iPad = "UIInterfaceOrientationPortrait UIInterfaceOrientationPortraitUpsideDown UIInterfaceOrientationLandscapeLeft UIInterfaceOrientationLandscapeRight";
				INFOPLIST_KEY_UISupportedInterfaceOrientations_iPhone = "UIInterfaceOrientationPortrait UIInterfaceOrientationLandscapeLeft UIInterfaceOrientationLandscapeRight";
				LD_RUNPATH_SEARCH_PATHS = (
					"$(inherited)",
					"@executable_path/Frameworks",
				);
				MARKETING_VERSION = 1.0;
				PRODUCT_BUNDLE_IDENTIFIER = "isabellawatt.-0005-AssessmentTask2";
				PRODUCT_NAME = "$(TARGET_NAME)";
				SWIFT_EMIT_LOC_STRINGS = YES;
				SWIFT_VERSION = 5.0;
				TARGETED_DEVICE_FAMILY = "1,2";
			};
			name = Debug;
		};
		8D23E4C42E5B23F000A3110A /* Release */ = {
			isa = XCBuildConfiguration;
			buildSettings = {
				ASSETCATALOG_COMPILER_APPICON_NAME = AppIcon;
				ASSETCATALOG_COMPILER_GLOBAL_ACCENT_COLOR_NAME = AccentColor;
				CODE_SIGN_STYLE = Automatic;
				CURRENT_PROJECT_VERSION = 1;
				ENABLE_PREVIEWS = YES;
				GENERATE_INFOPLIST_FILE = YES;
				INFOPLIST_KEY_UIApplicationSceneManifest_Generation = YES;
				INFOPLIST_KEY_UIApplicationSupportsIndirectInputEvents = YES;
				INFOPLIST_KEY_UILaunchScreen_Generation = YES;
				INFOPLIST_KEY_UISupportedInterfaceOrientations_iPad = "UIInterfaceOrientationPortrait UIInterfaceOrientationPortraitUpsideDown UIInterfaceOrientationLandscapeLeft UIInterfaceOrientationLandscapeRight";
				INFOPLIST_KEY_UISupportedInterfaceOrientations_iPhone = "UIInterfaceOrientationPortrait UIInterfaceOrientationLandscapeLeft UIInterfaceOrientationLandscapeRight";
				LD_RUNPATH_SEARCH_PATHS = (
					"$(inherited)",
					"@executable_path/Frameworks",
				);
				MARKETING_VERSION = 1.0;
				PRODUCT_BUNDLE_IDENTIFIER = "isabellawatt.-0005-AssessmentTask2";
				PRODUCT_NAME = "$(TARGET_NAME)";
				SWIFT_EMIT_LOC_STRINGS = YES;
				SWIFT_VERSION = 5.0;
				TARGETED_DEVICE_FAMILY = "1,2";
			};
			name = Release;
		};
		8D23E4C62E5B23F000A3110A /* Debug */ = {
			isa = XCBuildConfiguration;
			buildSettings = {
				BUNDLE_LOADER = "$(TEST_HOST)";
				CODE_SIGN_STYLE = Automatic;
				CURRENT_PROJECT_VERSION = 1;
				GENERATE_INFOPLIST_FILE = YES;
				IPHONEOS_DEPLOYMENT_TARGET = 18.5;
				MARKETING_VERSION = 1.0;
				PRODUCT_BUNDLE_IDENTIFIER = "isabellawatt.-0005-AssessmentTask2Tests";
				PRODUCT_NAME = "$(TARGET_NAME)";
				SWIFT_EMIT_LOC_STRINGS = NO;
				SWIFT_VERSION = 5.0;
				TARGETED_DEVICE_FAMILY = "1,2";
				TEST_HOST = "$(BUILT_PRODUCTS_DIR)/40005-AssessmentTask2.app/$(BUNDLE_EXECUTABLE_FOLDER_PATH)/40005-AssessmentTask2";
			};
			name = Debug;
		};
		8D23E4C72E5B23F000A3110A /* Release */ = {
			isa = XCBuildConfiguration;
			buildSettings = {
				BUNDLE_LOADER = "$(TEST_HOST)";
				CODE_SIGN_STYLE = Automatic;
				CURRENT_PROJECT_VERSION = 1;
				GENERATE_INFOPLIST_FILE = YES;
				IPHONEOS_DEPLOYMENT_TARGET = 18.5;
				MARKETING_VERSION = 1.0;
				PRODUCT_BUNDLE_IDENTIFIER = "isabellawatt.-0005-AssessmentTask2Tests";
				PRODUCT_NAME = "$(TARGET_NAME)";
				SWIFT_EMIT_LOC_STRINGS = NO;
				SWIFT_VERSION = 5.0;
				TARGETED_DEVICE_FAMILY = "1,2";
				TEST_HOST = "$(BUILT_PRODUCTS_DIR)/40005-AssessmentTask2.app/$(BUNDLE_EXECUTABLE_FOLDER_PATH)/40005-AssessmentTask2";
			};
			name = Release;
		};
		8D23E4C92E5B23F000A3110A /* Debug */ = {
			isa = XCBuildConfiguration;
			buildSettings = {
				CODE_SIGN_STYLE = Automatic;
				CURRENT_PROJECT_VERSION = 1;
				GENERATE_INFOPLIST_FILE = YES;
				MARKETING_VERSION = 1.0;
				PRODUCT_BUNDLE_IDENTIFIER = "isabellawatt.-0005-AssessmentTask2UITests";
				PRODUCT_NAME = "$(TARGET_NAME)";
				SWIFT_EMIT_LOC_STRINGS = NO;
				SWIFT_VERSION = 5.0;
				TARGETED_DEVICE_FAMILY = "1,2";
				TEST_TARGET_NAME = "40005-AssessmentTask2";
			};
			name = Debug;
		};
		8D23E4CA2E5B23F000A3110A /* Release */ = {
			isa = XCBuildConfiguration;
			buildSettings = {
				CODE_SIGN_STYLE = Automatic;
				CURRENT_PROJECT_VERSION = 1;
				GENERATE_INFOPLIST_FILE = YES;
				MARKETING_VERSION = 1.0;
				PRODUCT_BUNDLE_IDENTIFIER = "isabellawatt.-0005-AssessmentTask2UITests";
				PRODUCT_NAME = "$(TARGET_NAME)";
				SWIFT_EMIT_LOC_STRINGS = NO;
				SWIFT_VERSION = 5.0;
				TARGETED_DEVICE_FAMILY = "1,2";
				TEST_TARGET_NAME = "40005-AssessmentTask2";
			};
			name = Release;
		};
/* End XCBuildConfiguration section */

/* Begin XCConfigurationList section */
		8D23E49C2E5B23EF00A3110A /* Build configuration list for PBXProject "40005-AssessmentTask2" */ = {
			isa = XCConfigurationList;
			buildConfigurations = (
				8D23E4C02E5B23F000A3110A /* Debug */,
				8D23E4C12E5B23F000A3110A /* Release */,
			);
			defaultConfigurationIsVisible = 0;
			defaultConfigurationName = Release;
		};
		8D23E4C22E5B23F000A3110A /* Build configuration list for PBXNativeTarget "40005-AssessmentTask2" */ = {
			isa = XCConfigurationList;
			buildConfigurations = (
				8D23E4C32E5B23F000A3110A /* Debug */,
				8D23E4C42E5B23F000A3110A /* Release */,
			);
			defaultConfigurationIsVisible = 0;
			defaultConfigurationName = Release;
		};
		8D23E4C52E5B23F000A3110A /* Build configuration list for PBXNativeTarget "40005-AssessmentTask2Tests" */ = {
			isa = XCConfigurationList;
			buildConfigurations = (
				8D23E4C62E5B23F000A3110A /* Debug */,
				8D23E4C72E5B23F000A3110A /* Release */,
			);
			defaultConfigurationIsVisible = 0;
			defaultConfigurationName = Release;
		};
		8D23E4C82E5B23F000A3110A /* Build configuration list for PBXNativeTarget "40005-AssessmentTask2UITests" */ = {
			isa = XCConfigurationList;
			buildConfigurations = (
				8D23E4C92E5B23F000A3110A /* Debug */,
				8D23E4CA2E5B23F000A3110A /* Release */,
			);
			defaultConfigurationIsVisible = 0;
			defaultConfigurationName = Release;
		};
/* End XCConfigurationList section */
	};
	rootObject = 8D23E4992E5B23EF00A3110A /* Project object */;
}
